// !$*UTF8*$!
{
	archiveVersion = 1;
	classes = {
	};
	objectVersion = 46;
	objects = {

/* Begin PBXBuildFile section */
		790A5C1E1DAA8FFB004B440E /* AppDelegate.swift in Sources */ = {isa = PBXBuildFile; fileRef = 790A5C1D1DAA8FFB004B440E /* AppDelegate.swift */; };
		790A5C201DAA8FFB004B440E /* MapViewController.swift in Sources */ = {isa = PBXBuildFile; fileRef = 790A5C1F1DAA8FFB004B440E /* MapViewController.swift */; };
		790A5C231DAA8FFB004B440E /* Main.storyboard in Resources */ = {isa = PBXBuildFile; fileRef = 790A5C211DAA8FFB004B440E /* Main.storyboard */; };
		790A5C251DAA8FFB004B440E /* Assets.xcassets in Resources */ = {isa = PBXBuildFile; fileRef = 790A5C241DAA8FFB004B440E /* Assets.xcassets */; };
		790A5C281DAA8FFB004B440E /* LaunchScreen.storyboard in Resources */ = {isa = PBXBuildFile; fileRef = 790A5C261DAA8FFB004B440E /* LaunchScreen.storyboard */; };
		790A5C311DAA902E004B440E /* MapKit.framework in Frameworks */ = {isa = PBXBuildFile; fileRef = 790A5C301DAA902E004B440E /* MapKit.framework */; };
		790A5C331DAA91D3004B440E /* CoreLocation.framework in Frameworks */ = {isa = PBXBuildFile; fileRef = 790A5C321DAA91D3004B440E /* CoreLocation.framework */; };
		795588991DAD5BA100D9BC29 /* MapViewAnnotation.swift in Sources */ = {isa = PBXBuildFile; fileRef = 795588981DAD5BA100D9BC29 /* MapViewAnnotation.swift */; };
		7955889C1DAD61BF00D9BC29 /* MapView.swift in Sources */ = {isa = PBXBuildFile; fileRef = 7955889B1DAD61BF00D9BC29 /* MapView.swift */; };
		79A18B8D1DAABBC50060C78E /* MapViewOptions.swift in Sources */ = {isa = PBXBuildFile; fileRef = 79A18B8C1DAABBC50060C78E /* MapViewOptions.swift */; };
		79A18B901DAABE1D0060C78E /* QuartzCore.framework in Frameworks */ = {isa = PBXBuildFile; fileRef = 79A18B8F1DAABE1D0060C78E /* QuartzCore.framework */; };
		79A18B981DAAD5FD0060C78E /* StyleKit.m in Sources */ = {isa = PBXBuildFile; fileRef = 79A18B971DAAD5FD0060C78E /* StyleKit.m */; };
		79A18BA01DAB4B920060C78E /* DataSource.swift in Sources */ = {isa = PBXBuildFile; fileRef = 79A18B9F1DAB4B920060C78E /* DataSource.swift */; };
		79A18BA21DAB53180060C78E /* EntryCell.swift in Sources */ = {isa = PBXBuildFile; fileRef = 79A18BA11DAB53180060C78E /* EntryCell.swift */; };
		79A18BA41DAB54900060C78E /* DataModel.swift in Sources */ = {isa = PBXBuildFile; fileRef = 79A18BA31DAB54900060C78E /* DataModel.swift */; };
		79A18BA81DAB5A140060C78E /* AFNetworking.framework in Frameworks */ = {isa = PBXBuildFile; fileRef = 79A18BA71DAB5A140060C78E /* AFNetworking.framework */; };
/* End PBXBuildFile section */

/* Begin PBXFileReference section */
		790A5C1A1DAA8FFB004B440E /* Domicilios.com.app */ = {isa = PBXFileReference; explicitFileType = wrapper.application; includeInIndex = 0; path = Domicilios.com.app; sourceTree = BUILT_PRODUCTS_DIR; };
		790A5C1D1DAA8FFB004B440E /* AppDelegate.swift */ = {isa = PBXFileReference; lastKnownFileType = sourcecode.swift; path = AppDelegate.swift; sourceTree = "<group>"; };
		790A5C1F1DAA8FFB004B440E /* MapViewController.swift */ = {isa = PBXFileReference; lastKnownFileType = sourcecode.swift; path = MapViewController.swift; sourceTree = "<group>"; };
		790A5C221DAA8FFB004B440E /* Base */ = {isa = PBXFileReference; lastKnownFileType = file.storyboard; name = Base; path = Base.lproj/Main.storyboard; sourceTree = "<group>"; };
		790A5C241DAA8FFB004B440E /* Assets.xcassets */ = {isa = PBXFileReference; lastKnownFileType = folder.assetcatalog; path = Assets.xcassets; sourceTree = "<group>"; };
		790A5C271DAA8FFB004B440E /* Base */ = {isa = PBXFileReference; lastKnownFileType = file.storyboard; name = Base; path = Base.lproj/LaunchScreen.storyboard; sourceTree = "<group>"; };
		790A5C291DAA8FFB004B440E /* Info.plist */ = {isa = PBXFileReference; lastKnownFileType = text.plist.xml; path = Info.plist; sourceTree = "<group>"; };
		790A5C301DAA902E004B440E /* MapKit.framework */ = {isa = PBXFileReference; lastKnownFileType = wrapper.framework; name = MapKit.framework; path = System/Library/Frameworks/MapKit.framework; sourceTree = SDKROOT; };
		790A5C321DAA91D3004B440E /* CoreLocation.framework */ = {isa = PBXFileReference; lastKnownFileType = wrapper.framework; name = CoreLocation.framework; path = System/Library/Frameworks/CoreLocation.framework; sourceTree = SDKROOT; };
		795588981DAD5BA100D9BC29 /* MapViewAnnotation.swift */ = {isa = PBXFileReference; fileEncoding = 4; lastKnownFileType = sourcecode.swift; path = MapViewAnnotation.swift; sourceTree = "<group>"; };
		7955889B1DAD61BF00D9BC29 /* MapView.swift */ = {isa = PBXFileReference; fileEncoding = 4; lastKnownFileType = sourcecode.swift; path = MapView.swift; sourceTree = "<group>"; };
		79A18B8C1DAABBC50060C78E /* MapViewOptions.swift */ = {isa = PBXFileReference; fileEncoding = 4; lastKnownFileType = sourcecode.swift; path = MapViewOptions.swift; sourceTree = "<group>"; };
		79A18B8F1DAABE1D0060C78E /* QuartzCore.framework */ = {isa = PBXFileReference; lastKnownFileType = wrapper.framework; name = QuartzCore.framework; path = System/Library/Frameworks/QuartzCore.framework; sourceTree = SDKROOT; };
		79A18B951DAAD5FC0060C78E /* Bridging-Header.h */ = {isa = PBXFileReference; lastKnownFileType = sourcecode.c.h; path = "Bridging-Header.h"; sourceTree = "<group>"; };
		79A18B961DAAD5FD0060C78E /* StyleKit.h */ = {isa = PBXFileReference; fileEncoding = 4; lastKnownFileType = sourcecode.c.h; path = StyleKit.h; sourceTree = "<group>"; };
		79A18B971DAAD5FD0060C78E /* StyleKit.m */ = {isa = PBXFileReference; fileEncoding = 4; lastKnownFileType = sourcecode.c.objc; path = StyleKit.m; sourceTree = "<group>"; };
		79A18B9F1DAB4B920060C78E /* DataSource.swift */ = {isa = PBXFileReference; fileEncoding = 4; lastKnownFileType = sourcecode.swift; path = DataSource.swift; sourceTree = "<group>"; };
		79A18BA11DAB53180060C78E /* EntryCell.swift */ = {isa = PBXFileReference; fileEncoding = 4; lastKnownFileType = sourcecode.swift; path = EntryCell.swift; sourceTree = "<group>"; };
		79A18BA31DAB54900060C78E /* DataModel.swift */ = {isa = PBXFileReference; fileEncoding = 4; lastKnownFileType = sourcecode.swift; path = DataModel.swift; sourceTree = "<group>"; };
		79A18BA71DAB5A140060C78E /* AFNetworking.framework */ = {isa = PBXFileReference; lastKnownFileType = wrapper.framework; name = AFNetworking.framework; path = "../Library/Developer/Xcode/DerivedData/Workspace-guyncdiommxsaybrzovmxasdsiqi/Build/Products/Debug-iphonesimulator/AFNetworking.framework"; sourceTree = "<group>"; };
/* End PBXFileReference section */

/* Begin PBXFrameworksBuildPhase section */
		790A5C171DAA8FFB004B440E /* Frameworks */ = {
			isa = PBXFrameworksBuildPhase;
			buildActionMask = 2147483647;
			files = (
				79A18BA81DAB5A140060C78E /* AFNetworking.framework in Frameworks */,
				79A18B901DAABE1D0060C78E /* QuartzCore.framework in Frameworks */,
				790A5C331DAA91D3004B440E /* CoreLocation.framework in Frameworks */,
				790A5C311DAA902E004B440E /* MapKit.framework in Frameworks */,
			);
			runOnlyForDeploymentPostprocessing = 0;
		};
/* End PBXFrameworksBuildPhase section */

/* Begin PBXGroup section */
		790A5C111DAA8FFB004B440E = {
			isa = PBXGroup;
			children = (
				790A5C1C1DAA8FFB004B440E /* Domicilios.com */,
				790A5C1B1DAA8FFB004B440E /* Products */,
				790A5C2F1DAA902E004B440E /* Frameworks */,
			);
			sourceTree = "<group>";
		};
		790A5C1B1DAA8FFB004B440E /* Products */ = {
			isa = PBXGroup;
			children = (
				790A5C1A1DAA8FFB004B440E /* Domicilios.com.app */,
			);
			name = Products;
			sourceTree = "<group>";
		};
		790A5C1C1DAA8FFB004B440E /* Domicilios.com */ = {
			isa = PBXGroup;
			children = (
				790A5C1D1DAA8FFB004B440E /* AppDelegate.swift */,
				79A18BA11DAB53180060C78E /* EntryCell.swift */,
				795588981DAD5BA100D9BC29 /* MapViewAnnotation.swift */,
				79A18B8C1DAABBC50060C78E /* MapViewOptions.swift */,
				7955889B1DAD61BF00D9BC29 /* MapView.swift */,
				790A5C1F1DAA8FFB004B440E /* MapViewController.swift */,
				79A18B9F1DAB4B920060C78E /* DataSource.swift */,
				79A18BA31DAB54900060C78E /* DataModel.swift */,
				790A5C211DAA8FFB004B440E /* Main.storyboard */,
				790A5C261DAA8FFB004B440E /* LaunchScreen.storyboard */,
				790A5C241DAA8FFB004B440E /* Assets.xcassets */,
				790A5C291DAA8FFB004B440E /* Info.plist */,
				79A18B951DAAD5FC0060C78E /* Bridging-Header.h */,
				79A18B961DAAD5FD0060C78E /* StyleKit.h */,
				79A18B971DAAD5FD0060C78E /* StyleKit.m */,
			);
			path = Domicilios.com;
			sourceTree = "<group>";
		};
		790A5C2F1DAA902E004B440E /* Frameworks */ = {
			isa = PBXGroup;
			children = (
				79A18BA71DAB5A140060C78E /* AFNetworking.framework */,
				79A18B8F1DAABE1D0060C78E /* QuartzCore.framework */,
				790A5C321DAA91D3004B440E /* CoreLocation.framework */,
				790A5C301DAA902E004B440E /* MapKit.framework */,
			);
			name = Frameworks;
			sourceTree = "<group>";
		};
/* End PBXGroup section */

/* Begin PBXNativeTarget section */
		790A5C191DAA8FFB004B440E /* Domicilios.com */ = {
			isa = PBXNativeTarget;
			buildConfigurationList = 790A5C2C1DAA8FFB004B440E /* Build configuration list for PBXNativeTarget "Domicilios.com" */;
			buildPhases = (
				790A5C161DAA8FFB004B440E /* Sources */,
				790A5C171DAA8FFB004B440E /* Frameworks */,
				790A5C181DAA8FFB004B440E /* Resources */,
			);
			buildRules = (
			);
			dependencies = (
			);
			name = Domicilios.com;
			productName = Domicilios.com;
			productReference = 790A5C1A1DAA8FFB004B440E /* Domicilios.com.app */;
			productType = "com.apple.product-type.application";
		};
/* End PBXNativeTarget section */

/* Begin PBXProject section */
		790A5C121DAA8FFB004B440E /* Project object */ = {
			isa = PBXProject;
			attributes = {
				LastSwiftUpdateCheck = 0800;
				LastUpgradeCheck = 0800;
				ORGANIZATIONNAME = "Tiago Mergulhão";
				TargetAttributes = {
					790A5C191DAA8FFB004B440E = {
						CreatedOnToolsVersion = 8.0;
						LastSwiftMigration = 0800;
						ProvisioningStyle = Automatic;
						SystemCapabilities = {
							com.apple.Maps.iOS = {
								enabled = 1;
							};
						};
					};
				};
			};
			buildConfigurationList = 790A5C151DAA8FFB004B440E /* Build configuration list for PBXProject "Domicilios.com" */;
			compatibilityVersion = "Xcode 3.2";
			developmentRegion = English;
			hasScannedForEncodings = 0;
			knownRegions = (
				en,
				Base,
			);
			mainGroup = 790A5C111DAA8FFB004B440E;
			productRefGroup = 790A5C1B1DAA8FFB004B440E /* Products */;
			projectDirPath = "";
			projectRoot = "";
			targets = (
				790A5C191DAA8FFB004B440E /* Domicilios.com */,
			);
		};
/* End PBXProject section */

/* Begin PBXResourcesBuildPhase section */
		790A5C181DAA8FFB004B440E /* Resources */ = {
			isa = PBXResourcesBuildPhase;
			buildActionMask = 2147483647;
			files = (
				790A5C281DAA8FFB004B440E /* LaunchScreen.storyboard in Resources */,
				790A5C251DAA8FFB004B440E /* Assets.xcassets in Resources */,
				790A5C231DAA8FFB004B440E /* Main.storyboard in Resources */,
			);
			runOnlyForDeploymentPostprocessing = 0;
		};
/* End PBXResourcesBuildPhase section */

/* Begin PBXSourcesBuildPhase section */
		790A5C161DAA8FFB004B440E /* Sources */ = {
			isa = PBXSourcesBuildPhase;
			buildActionMask = 2147483647;
			files = (
				79A18BA01DAB4B920060C78E /* DataSource.swift in Sources */,
				790A5C201DAA8FFB004B440E /* MapViewController.swift in Sources */,
				79A18B8D1DAABBC50060C78E /* MapViewOptions.swift in Sources */,
				790A5C1E1DAA8FFB004B440E /* AppDelegate.swift in Sources */,
				79A18BA21DAB53180060C78E /* EntryCell.swift in Sources */,
				79A18B981DAAD5FD0060C78E /* StyleKit.m in Sources */,
				7955889C1DAD61BF00D9BC29 /* MapView.swift in Sources */,
				795588991DAD5BA100D9BC29 /* MapViewAnnotation.swift in Sources */,
				79A18BA41DAB54900060C78E /* DataModel.swift in Sources */,
			);
			runOnlyForDeploymentPostprocessing = 0;
		};
/* End PBXSourcesBuildPhase section */

/* Begin PBXVariantGroup section */
		790A5C211DAA8FFB004B440E /* Main.storyboard */ = {
			isa = PBXVariantGroup;
			children = (
				790A5C221DAA8FFB004B440E /* Base */,
			);
			name = Main.storyboard;
			sourceTree = "<group>";
		};
		790A5C261DAA8FFB004B440E /* LaunchScreen.storyboard */ = {
			isa = PBXVariantGroup;
			children = (
				790A5C271DAA8FFB004B440E /* Base */,
			);
			name = LaunchScreen.storyboard;
			sourceTree = "<group>";
		};
/* End PBXVariantGroup section */

/* Begin XCBuildConfiguration section */
		790A5C2A1DAA8FFB004B440E /* Debug */ = {
			isa = XCBuildConfiguration;
			buildSettings = {
				ALWAYS_SEARCH_USER_PATHS = NO;
				CLANG_ANALYZER_NONNULL = YES;
				CLANG_CXX_LANGUAGE_STANDARD = "gnu++0x";
				CLANG_CXX_LIBRARY = "libc++";
				CLANG_ENABLE_MODULES = YES;
				CLANG_ENABLE_OBJC_ARC = YES;
				CLANG_WARN_BOOL_CONVERSION = YES;
				CLANG_WARN_CONSTANT_CONVERSION = YES;
				CLANG_WARN_DIRECT_OBJC_ISA_USAGE = YES_ERROR;
				CLANG_WARN_DOCUMENTATION_COMMENTS = YES;
				CLANG_WARN_EMPTY_BODY = YES;
				CLANG_WARN_ENUM_CONVERSION = YES;
				CLANG_WARN_INFINITE_RECURSION = YES;
				CLANG_WARN_INT_CONVERSION = YES;
				CLANG_WARN_OBJC_ROOT_CLASS = YES_ERROR;
				CLANG_WARN_SUSPICIOUS_MOVES = YES;
				CLANG_WARN_UNREACHABLE_CODE = YES;
				CLANG_WARN__DUPLICATE_METHOD_MATCH = YES;
				"CODE_SIGN_IDENTITY[sdk=iphoneos*]" = "iPhone Developer";
				COPY_PHASE_STRIP = NO;
				DEBUG_INFORMATION_FORMAT = dwarf;
				ENABLE_STRICT_OBJC_MSGSEND = YES;
				ENABLE_TESTABILITY = YES;
				GCC_C_LANGUAGE_STANDARD = gnu99;
				GCC_DYNAMIC_NO_PIC = NO;
				GCC_NO_COMMON_BLOCKS = YES;
				GCC_OPTIMIZATION_LEVEL = 0;
				GCC_PREPROCESSOR_DEFINITIONS = (
					"DEBUG=1",
					"$(inherited)",
				);
				GCC_WARN_64_TO_32_BIT_CONVERSION = YES;
				GCC_WARN_ABOUT_RETURN_TYPE = YES_ERROR;
				GCC_WARN_UNDECLARED_SELECTOR = YES;
				GCC_WARN_UNINITIALIZED_AUTOS = YES_AGGRESSIVE;
				GCC_WARN_UNUSED_FUNCTION = YES;
				GCC_WARN_UNUSED_VARIABLE = YES;
				IPHONEOS_DEPLOYMENT_TARGET = 10.0;
				MTL_ENABLE_DEBUG_INFO = YES;
				ONLY_ACTIVE_ARCH = YES;
				SDKROOT = iphoneos;
				SWIFT_ACTIVE_COMPILATION_CONDITIONS = DEBUG;
				SWIFT_OPTIMIZATION_LEVEL = "-Onone";
			};
			name = Debug;
		};
		790A5C2B1DAA8FFB004B440E /* Release */ = {
			isa = XCBuildConfiguration;
			buildSettings = {
				ALWAYS_SEARCH_USER_PATHS = NO;
				CLANG_ANALYZER_NONNULL = YES;
				CLANG_CXX_LANGUAGE_STANDARD = "gnu++0x";
				CLANG_CXX_LIBRARY = "libc++";
				CLANG_ENABLE_MODULES = YES;
				CLANG_ENABLE_OBJC_ARC = YES;
				CLANG_WARN_BOOL_CONVERSION = YES;
				CLANG_WARN_CONSTANT_CONVERSION = YES;
				CLANG_WARN_DIRECT_OBJC_ISA_USAGE = YES_ERROR;
				CLANG_WARN_DOCUMENTATION_COMMENTS = YES;
				CLANG_WARN_EMPTY_BODY = YES;
				CLANG_WARN_ENUM_CONVERSION = YES;
				CLANG_WARN_INFINITE_RECURSION = YES;
				CLANG_WARN_INT_CONVERSION = YES;
				CLANG_WARN_OBJC_ROOT_CLASS = YES_ERROR;
				CLANG_WARN_SUSPICIOUS_MOVES = YES;
				CLANG_WARN_UNREACHABLE_CODE = YES;
				CLANG_WARN__DUPLICATE_METHOD_MATCH = YES;
				"CODE_SIGN_IDENTITY[sdk=iphoneos*]" = "iPhone Developer";
				COPY_PHASE_STRIP = NO;
				DEBUG_INFORMATION_FORMAT = "dwarf-with-dsym";
				ENABLE_NS_ASSERTIONS = NO;
				ENABLE_STRICT_OBJC_MSGSEND = YES;
				GCC_C_LANGUAGE_STANDARD = gnu99;
				GCC_NO_COMMON_BLOCKS = YES;
				GCC_WARN_64_TO_32_BIT_CONVERSION = YES;
				GCC_WARN_ABOUT_RETURN_TYPE = YES_ERROR;
				GCC_WARN_UNDECLARED_SELECTOR = YES;
				GCC_WARN_UNINITIALIZED_AUTOS = YES_AGGRESSIVE;
				GCC_WARN_UNUSED_FUNCTION = YES;
				GCC_WARN_UNUSED_VARIABLE = YES;
				IPHONEOS_DEPLOYMENT_TARGET = 10.0;
				MTL_ENABLE_DEBUG_INFO = NO;
				SDKROOT = iphoneos;
				SWIFT_OPTIMIZATION_LEVEL = "-Owholemodule";
				VALIDATE_PRODUCT = YES;
			};
			name = Release;
		};
		790A5C2D1DAA8FFB004B440E /* Debug */ = {
			isa = XCBuildConfiguration;
			buildSettings = {
				ASSETCATALOG_COMPILER_APPICON_NAME = AppIcon;
				CLANG_ENABLE_MODULES = YES;
				INFOPLIST_FILE = Domicilios.com/Info.plist;
				LD_RUNPATH_SEARCH_PATHS = "$(inherited) @executable_path/Frameworks";
				PRODUCT_BUNDLE_IDENTIFIER = "com.tmergulhao.Domicilios-com";
				PRODUCT_NAME = "$(TARGET_NAME)";
				SWIFT_OBJC_BRIDGING_HEADER = "Domicilios.com/Bridging-Header.h";
				SWIFT_OPTIMIZATION_LEVEL = "-Onone";
				SWIFT_VERSION = 3.0;
			};
			name = Debug;
		};
		790A5C2E1DAA8FFB004B440E /* Release */ = {
			isa = XCBuildConfiguration;
			buildSettings = {
				ASSETCATALOG_COMPILER_APPICON_NAME = AppIcon;
				CLANG_ENABLE_MODULES = YES;
				INFOPLIST_FILE = Domicilios.com/Info.plist;
				LD_RUNPATH_SEARCH_PATHS = "$(inherited) @executable_path/Frameworks";
				PRODUCT_BUNDLE_IDENTIFIER = "com.tmergulhao.Domicilios-com";
				PRODUCT_NAME = "$(TARGET_NAME)";
				SWIFT_OBJC_BRIDGING_HEADER = "Domicilios.com/Bridging-Header.h";
				SWIFT_VERSION = 3.0;
			};
			name = Release;
		};
/* End XCBuildConfiguration section */

/* Begin XCConfigurationList section */
		790A5C151DAA8FFB004B440E /* Build configuration list for PBXProject "Domicilios.com" */ = {
			isa = XCConfigurationList;
			buildConfigurations = (
				790A5C2A1DAA8FFB004B440E /* Debug */,
				790A5C2B1DAA8FFB004B440E /* Release */,
			);
			defaultConfigurationIsVisible = 0;
			defaultConfigurationName = Release;
		};
		790A5C2C1DAA8FFB004B440E /* Build configuration list for PBXNativeTarget "Domicilios.com" */ = {
			isa = XCConfigurationList;
			buildConfigurations = (
				790A5C2D1DAA8FFB004B440E /* Debug */,
				790A5C2E1DAA8FFB004B440E /* Release */,
			);
			defaultConfigurationIsVisible = 0;
			defaultConfigurationName = Release;
		};
/* End XCConfigurationList section */
	};
	rootObject = 790A5C121DAA8FFB004B440E /* Project object */;
}
